Microsoft Visual Studio Solution File, Format Version 12.00
Project("{FAE04EC0-301F-11D3-BF4B-00C04F79EFBC}") = "ContainsDuplicate", "ContainsDuplicate\ContainsDuplicate.csproj", "{BE8CBFD0-891C-468E-B720-AB466E5934E8}"
EndProject
Project("{FAE04EC0-301F-11D3-BF4B-00C04F79EFBC}") = "ContainsDuplicateTwo", "ContainsDuplicateTwo\ContainsDuplicateTwo.csproj", "{E9C18750-5801-4C6D-A160-A9FA9C10174D}"
EndProject
Project("{FAE04EC0-301F-11D3-BF4B-00C04F79EFBC}") = "RemoveDuplicatesFromSortedArray", "RemoveDuplicatesFromSortedArray\RemoveDuplicatesFromSortedArray.csproj", "{DFF03691-CCF4-48F9-99A0-87432DDDEEA5}"
EndProject
Project("{FAE04EC0-301F-11D3-BF4B-00C04F79EFBC}") = "DistributeElementsIntoTwoArraysI", "DistributeElementsIntoTwoArraysI\DistributeElementsIntoTwoArraysI.csproj", "{585C62D0-086D-4763-AE1F-856E9BDC629E}"
EndProject
Project("{FAE04EC0-301F-11D3-BF4B-00C04F79EFBC}") = "RemoveElement", "RemoveElement\RemoveElement.csproj", "{2618B1B8-5E81-4BCB-816D-C932DDF9EFD5}"
EndProject
Project("{FAE04EC0-301F-11D3-BF4B-00C04F79EFBC}") = "Two Sum", "Two Sum\Two Sum.csproj", "{ABDD5828-4CDF-4C1E-BB42-630BC01F9F9F}"
EndProject
Project("{FAE04EC0-301F-11D3-BF4B-00C04F79EFBC}") = "ValidAnagram", "ValidAnagram\ValidAnagram.csproj", "{CA41A622-1165-4F29-A651-8A89BAA280FC}"
EndProject
Project("{FAE04EC0-301F-11D3-BF4B-00C04F79EFBC}") = "MoveZeroes", "MoveZeroes\MoveZeroes.csproj", "{03CF373A-FDB0-4F13-916F-D39DB39DA2CA}"
EndProject
Project("{FAE04EC0-301F-11D3-BF4B-00C04F79EFBC}") = "MajorityElement", "MajorityElement\MajorityElement.csproj", "{693BED05-0EB1-469E-BEB3-CF33779761BC}"
EndProject
Project("{FAE04EC0-301F-11D3-BF4B-00C04F79EFBC}") = "MergeSortedArray", "MergeSortedArray\MergeSortedArray.csproj", "{DE8FCC9B-6158-4B83-B78B-DEAEE524DB0B}"
EndProject
Project("{FAE04EC0-301F-11D3-BF4B-00C04F79EFBC}") = "ReverseString", "ReverseString\ReverseString.csproj", "{2AD19F2E-3FAA-4C20-8C52-C266A93FF61E}"
EndProject
Project("{FAE04EC0-301F-11D3-BF4B-00C04F79EFBC}") = "ValidPalindrome", "ValidPalindrome\ValidPalindrome.csproj", "{B344B6C0-54AF-43CC-B0E6-5FD6629AA33A}"
EndProject
Project("{FAE04EC0-301F-11D3-BF4B-00C04F79EFBC}") = "Smallest Missing Multiple of K", "Smallest Missing Multiple of K\Smallest Missing Multiple of K.csproj", "{2E51BCBD-9FE9-4BEB-A751-7CE411B24187}"
EndProject
Project("{FAE04EC0-301F-11D3-BF4B-00C04F79EFBC}") = "ConstructUniformParityArrayI", "ConstructUniformParityArrayI\ConstructUniformParityArrayI.csproj", "{A659E315-131D-42C6-95A6-5BF57DAF7307}"
EndProject
Project("{FAE04EC0-301F-11D3-BF4B-00C04F79EFBC}") = "SmallestStableIndexII", "SmallestStableIndexII\SmallestStableIndexII.csproj", "{9D35991D-F476-412E-8BA7-32EDEDEEB622}"
EndProject
Project("{FAE04EC0-301F-11D3-BF4B-00C04F79EFBC}") = "BinarySearch", "BinarySearch\BinarySearch.csproj", "{98DB16F5-AC7D-45A8-97F7-F9DF33EF531A}"
EndProject
Project("{FAE04EC0-301F-11D3-BF4B-00C04F79EFBC}") = "SearchInsertPosition", "SearchInsertPosition\SearchInsertPosition.csproj", "{D0582DB4-589A-4D32-A0A3-43B4667DCB04}"
EndProject
Project("{FAE04EC0-301F-11D3-BF4B-00C04F79EFBC}") = "FindSmallestLetterGreaterThanTarget", "FindSmallestLetterGreaterThanTarget\FindSmallestLetterGreaterThanTarget.csproj", "{BD5C7806-70C9-4158-BAFD-F99BD6644FB1}"
EndProject
Project("{FAE04EC0-301F-11D3-BF4B-00C04F79EFBC}") = "CountNegativeNumbersinaSortedMatrix", "CountNegativeNumbersinaSortedMatrix\CountNegativeNumbersinaSortedMatrix.csproj", "{F2089C7F-24FE-45EE-968C-4B511C17F0FB}"
EndProject
Project("{FAE04EC0-301F-11D3-BF4B-00C04F79EFBC}") = "FindFirstandLastPositionofElementinSortedArrayConsoleApp1", "FindFirstandLastPositionofElementinSortedArrayConsoleApp1\FindFirstandLastPositionofElementinSortedArrayConsoleApp1.csproj", "{49B3ADBF-EA86-4A79-8317-9A25FA061C4E}"
EndProject
Project("{FAE04EC0-301F-11D3-BF4B-00C04F79EFBC}") = "CountCommasinRange", "CountCommasinRange\CountCommasinRange.csproj", "{EEEBFC1B-E59E-40C6-9323-A6958520DEAC}"
EndProject
Project("{FAE04EC0-301F-11D3-BF4B-00C04F79EFBC}") = "SmallestStableIndexIe", "SmallestStableIndexIe\SmallestStableIndexIe.csproj", "{3CC0F17F-65F2-4C88-871B-9A65C2E23CEE}"
EndProject
Project("{FAE04EC0-301F-11D3-BF4B-00C04F79EFBC}") = "CountCommasinRangeII", "CountCommasinRangeII\CountCommasinRangeII.csproj", "{29A31283-B022-4C3F-B274-AF72EAC1C5B9}"
EndProject
Project("{FAE04EC0-301F-11D3-BF4B-00C04F79EFBC}") = "GuessNumber", "GuessNumber\GuessNumber.csproj", "{101EAD0A-A786-4B83-9BB0-8AEF34BA678D}"
EndProject
Project("{FAE04EC0-301F-11D3-BF4B-00C04F79EFBC}") = "MaxSubArray", "MaxSubArray\MaxSubArray.csproj", "{64369C9C-0BC9-4D8F-9C01-21F25316AE22}"
EndProject
Project("{FAE04EC0-301F-11D3-BF4B-00C04F79EFBC}") = "Unique3DigitEvenNumbers", "Unique3DigitEvenNumbers\Unique3DigitEvenNumbers.csproj", "{38075014-EDEB-4227-892A-BD107453974E}"
EndProject
Project("{FAE04EC0-301F-11D3-BF4B-00C04F79EFBC}") = "ValidPerfectSquare", "ValidPerfectSquare\ValidPerfectSquare.csproj", "{59BB1B10-A133-4D7E-81B2-CD76599CCF30}"
EndProject
Project("{FAE04EC0-301F-11D3-BF4B-00C04F79EFBC}") = "Sqrt", "Sqrt\Sqrt.csproj", "{8517F1EB-A0C4-4AB7-8C58-E51C693B1E8C}"
EndProject
Project("{FAE04EC0-301F-11D3-BF4B-00C04F79EFBC}") = "ArrangingCoins", "ArrangingCoins\ArrangingCoins.csproj", "{5157100F-31CF-4927-8FB8-88CEDA62C8B4}"
EndProject
Project("{FAE04EC0-301F-11D3-BF4B-00C04F79EFBC}") = "BestTimeToBuyAndSellStock", "BestTimeToBuyAndSellStock\BestTimeToBuyAndSellStock.csproj", "{58D6015B-4803-4881-A2D6-3E0F73D06F1C}"
EndProject
Project("{FAE04EC0-301F-11D3-BF4B-00C04F79EFBC}") = "RectangleOverlap", "RectangleOverlap\RectangleOverlap.csproj", "{0E511EEB-0EDE-41EB-80A5-5432A8DB3E55}"
EndProject
Project("{FAE04EC0-301F-11D3-BF4B-00C04F79EFBC}") = "TwoSum2", "TwoSum2\TwoSum2.csproj", "{680A8873-AD96-4972-98B3-E5105AC7C541}"
EndProject
Project("{FAE04EC0-301F-11D3-BF4B-00C04F79EFBC}") = "3Sum", "3Sum\3Sum.csproj", "{5049811A-D319-4337-81D1-E2C5D9FDEC38}"
EndProject
Project("{FAE04EC0-301F-11D3-BF4B-00C04F79EFBC}") = "ContainerWithMostWater", "ContainerWithMostWater\ContainerWithMostWater.csproj", "{8E76BD98-3F7E-4B96-A1BC-DDED1F8C19D0}"
EndProject
Project("{FAE04EC0-301F-11D3-BF4B-00C04F79EFBC}") = "LongestSubstringWithoutRepeatingCharacters", "LongestSubstringWithoutRepeatingCharacters\LongestSubstringWithoutRepeatingCharacters.csproj", "{50778330-36CC-4841-BE83-1B3FF809A87B}"
EndProject
Project("{FAE04EC0-301F-11D3-BF4B-00C04F79EFBC}") = "LongestRepeatingCharacterReplacement", "LongestRepeatingCharacterReplacement\LongestRepeatingCharacterReplacement.csproj", "{DBB73571-BC44-4CA9-ABE4-EF86339CB7DD}"
EndProject
Project("{FAE04EC0-301F-11D3-BF4B-00C04F79EFBC}") = "FindSubarraysWithEqualSum", "FindSubarraysWithEqualSum\FindSubarraysWithEqualSum.csproj", "{E04E05BF-5D52-4EAE-8AE8-781AB4E72E48}"
EndProject
Project("{FAE04EC0-301F-11D3-BF4B-00C04F79EFBC}") = "FindTwoNonoverlappingSubarraysWithTargetSum", "FindTwoNonoverlappingSubarraysWithTargetSum\FindTwoNonoverlappingSubarraysWithTargetSum.csproj", "{383FF482-1622-4E97-875B-2998F325712C}"
EndProject
Global
	GlobalSection(SolutionConfigurationPlatforms) = preSolution
		Debug|Any CPU = Debug|Any CPU
		Release|Any CPU = Release|Any CPU
	EndGlobalSection
	GlobalSection(ProjectConfigurationPlatforms) = postSolution
		{BE8CBFD0-891C-468E-B720-AB466E5934E8}.Debug|Any CPU.ActiveCfg = Debug|Any CPU
		{BE8CBFD0-891C-468E-B720-AB466E5934E8}.Debug|Any CPU.Build.0 = Debug|Any CPU
		{BE8CBFD0-891C-468E-B720-AB466E5934E8}.Release|Any CPU.ActiveCfg = Release|Any CPU
		{BE8CBFD0-891C-468E-B720-AB466E5934E8}.Release|Any CPU.Build.0 = Release|Any CPU
		{E9C18750-5801-4C6D-A160-A9FA9C10174D}.Debug|Any CPU.ActiveCfg = Debug|Any CPU
		{E9C18750-5801-4C6D-A160-A9FA9C10174D}.Debug|Any CPU.Build.0 = Debug|Any CPU
		{E9C18750-5801-4C6D-A160-A9FA9C10174D}.Release|Any CPU.ActiveCfg = Release|Any CPU
		{E9C18750-5801-4C6D-A160-A9FA9C10174D}.Release|Any CPU.Build.0 = Release|Any CPU
		{DFF03691-CCF4-48F9-99A0-87432DDDEEA5}.Debug|Any CPU.ActiveCfg = Debug|Any CPU
		{DFF03691-CCF4-48F9-99A0-87432DDDEEA5}.Debug|Any CPU.Build.0 = Debug|Any CPU
		{DFF03691-CCF4-48F9-99A0-87432DDDEEA5}.Release|Any CPU.ActiveCfg = Release|Any CPU
		{DFF03691-CCF4-48F9-99A0-87432DDDEEA5}.Release|Any CPU.Build.0 = Release|Any CPU
		{585C62D0-086D-4763-AE1F-856E9BDC629E}.Debug|Any CPU.ActiveCfg = Debug|Any CPU
		{585C62D0-086D-4763-AE1F-856E9BDC629E}.Debug|Any CPU.Build.0 = Debug|Any CPU
		{585C62D0-086D-4763-AE1F-856E9BDC629E}.Release|Any CPU.ActiveCfg = Release|Any CPU
		{585C62D0-086D-4763-AE1F-856E9BDC629E}.Release|Any CPU.Build.0 = Release|Any CPU
		{2618B1B8-5E81-4BCB-816D-C932DDF9EFD5}.Debug|Any CPU.ActiveCfg = Debug|Any CPU
		{2618B1B8-5E81-4BCB-816D-C932DDF9EFD5}.Debug|Any CPU.Build.0 = Debug|Any CPU
		{2618B1B8-5E81-4BCB-816D-C932DDF9EFD5}.Release|Any CPU.ActiveCfg = Release|Any CPU
		{2618B1B8-5E81-4BCB-816D-C932DDF9EFD5}.Release|Any CPU.Build.0 = Release|Any CPU
		{ABDD5828-4CDF-4C1E-BB42-630BC01F9F9F}.Debug|Any CPU.ActiveCfg = Debug|Any CPU
		{ABDD5828-4CDF-4C1E-BB42-630BC01F9F9F}.Debug|Any CPU.Build.0 = Debug|Any CPU
		{ABDD5828-4CDF-4C1E-BB42-630BC01F9F9F}.Release|Any CPU.ActiveCfg = Release|Any CPU
		{ABDD5828-4CDF-4C1E-BB42-630BC01F9F9F}.Release|Any CPU.Build.0 = Release|Any CPU
		{CA41A622-1165-4F29-A651-8A89BAA280FC}.Debug|Any CPU.ActiveCfg = Debug|Any CPU
		{CA41A622-1165-4F29-A651-8A89BAA280FC}.Debug|Any CPU.Build.0 = Debug|Any CPU
		{CA41A622-1165-4F29-A651-8A89BAA280FC}.Release|Any CPU.ActiveCfg = Release|Any CPU
		{CA41A622-1165-4F29-A651-8A89BAA280FC}.Release|Any CPU.Build.0 = Release|Any CPU
		{03CF373A-FDB0-4F13-916F-D39DB39DA2CA}.Debug|Any CPU.ActiveCfg = Debug|Any CPU
		{03CF373A-FDB0-4F13-916F-D39DB39DA2CA}.Debug|Any CPU.Build.0 = Debug|Any CPU
		{03CF373A-FDB0-4F13-916F-D39DB39DA2CA}.Release|Any CPU.ActiveCfg = Release|Any CPU
		{03CF373A-FDB0-4F13-916F-D39DB39DA2CA}.Release|Any CPU.Build.0 = Release|Any CPU
		{693BED05-0EB1-469E-BEB3-CF33779761BC}.Debug|Any CPU.ActiveCfg = Debug|Any CPU
		{693BED05-0EB1-469E-BEB3-CF33779761BC}.Debug|Any CPU.Build.0 = Debug|Any CPU
		{693BED05-0EB1-469E-BEB3-CF33779761BC}.Release|Any CPU.ActiveCfg = Release|Any CPU
		{693BED05-0EB1-469E-BEB3-CF33779761BC}.Release|Any CPU.Build.0 = Release|Any CPU
		{DE8FCC9B-6158-4B83-B78B-DEAEE524DB0B}.Debug|Any CPU.ActiveCfg = Debug|Any CPU
		{DE8FCC9B-6158-4B83-B78B-DEAEE524DB0B}.Debug|Any CPU.Build.0 = Debug|Any CPU
		{DE8FCC9B-6158-4B83-B78B-DEAEE524DB0B}.Release|Any CPU.ActiveCfg = Release|Any CPU
		{DE8FCC9B-6158-4B83-B78B-DEAEE524DB0B}.Release|Any CPU.Build.0 = Release|Any CPU
		{2AD19F2E-3FAA-4C20-8C52-C266A93FF61E}.Debug|Any CPU.ActiveCfg = Debug|Any CPU
		{2AD19F2E-3FAA-4C20-8C52-C266A93FF61E}.Debug|Any CPU.Build.0 = Debug|Any CPU
		{2AD19F2E-3FAA-4C20-8C52-C266A93FF61E}.Release|Any CPU.ActiveCfg = Release|Any CPU
		{2AD19F2E-3FAA-4C20-8C52-C266A93FF61E}.Release|Any CPU.Build.0 = Release|Any CPU
		{B344B6C0-54AF-43CC-B0E6-5FD6629AA33A}.Debug|Any CPU.ActiveCfg = Debug|Any CPU
		{B344B6C0-54AF-43CC-B0E6-5FD6629AA33A}.Debug|Any CPU.Build.0 = Debug|Any CPU
		{B344B6C0-54AF-43CC-B0E6-5FD6629AA33A}.Release|Any CPU.ActiveCfg = Release|Any CPU
		{B344B6C0-54AF-43CC-B0E6-5FD6629AA33A}.Release|Any CPU.Build.0 = Release|Any CPU
		{2E51BCBD-9FE9-4BEB-A751-7CE411B24187}.Debug|Any CPU.ActiveCfg = Debug|Any CPU
		{2E51BCBD-9FE9-4BEB-A751-7CE411B24187}.Debug|Any CPU.Build.0 = Debug|Any CPU
		{2E51BCBD-9FE9-4BEB-A751-7CE411B24187}.Release|Any CPU.ActiveCfg = Release|Any CPU
		{2E51BCBD-9FE9-4BEB-A751-7CE411B24187}.Release|Any CPU.Build.0 = Release|Any CPU
		{A659E315-131D-42C6-95A6-5BF57DAF7307}.Debug|Any CPU.ActiveCfg = Debug|Any CPU
		{A659E315-131D-42C6-95A6-5BF57DAF7307}.Debug|Any CPU.Build.0 = Debug|Any CPU
		{A659E315-131D-42C6-95A6-5BF57DAF7307}.Release|Any CPU.ActiveCfg = Release|Any CPU
		{A659E315-131D-42C6-95A6-5BF57DAF7307}.Release|Any CPU.Build.0 = Release|Any CPU
		{9D35991D-F476-412E-8BA7-32EDEDEEB622}.Debug|Any CPU.ActiveCfg = Debug|Any CPU
		{9D35991D-F476-412E-8BA7-32EDEDEEB622}.Debug|Any CPU.Build.0 = Debug|Any CPU
		{9D35991D-F476-412E-8BA7-32EDEDEEB622}.Release|Any CPU.ActiveCfg = Release|Any CPU
		{9D35991D-F476-412E-8BA7-32EDEDEEB622}.Release|Any CPU.Build.0 = Release|Any CPU
		{98DB16F5-AC7D-45A8-97F7-F9DF33EF531A}.Debug|Any CPU.ActiveCfg = Debug|Any CPU
		{98DB16F5-AC7D-45A8-97F7-F9DF33EF531A}.Debug|Any CPU.Build.0 = Debug|Any CPU
		{98DB16F5-AC7D-45A8-97F7-F9DF33EF531A}.Release|Any CPU.ActiveCfg = Release|Any CPU
		{98DB16F5-AC7D-45A8-97F7-F9DF33EF531A}.Release|Any CPU.Build.0 = Release|Any CPU
		{D0582DB4-589A-4D32-A0A3-43B4667DCB04}.Debug|Any CPU.ActiveCfg = Debug|Any CPU
		{D0582DB4-589A-4D32-A0A3-43B4667DCB04}.Debug|Any CPU.Build.0 = Debug|Any CPU
		{D0582DB4-589A-4D32-A0A3-43B4667DCB04}.Release|Any CPU.ActiveCfg = Release|Any CPU
		{D0582DB4-589A-4D32-A0A3-43B4667DCB04}.Release|Any CPU.Build.0 = Release|Any CPU
		{BD5C7806-70C9-4158-BAFD-F99BD6644FB1}.Debug|Any CPU.ActiveCfg = Debug|Any CPU
		{BD5C7806-70C9-4158-BAFD-F99BD6644FB1}.Debug|Any CPU.Build.0 = Debug|Any CPU
		{BD5C7806-70C9-4158-BAFD-F99BD6644FB1}.Release|Any CPU.ActiveCfg = Release|Any CPU
		{BD5C7806-70C9-4158-BAFD-F99BD6644FB1}.Release|Any CPU.Build.0 = Release|Any CPU
		{F2089C7F-24FE-45EE-968C-4B511C17F0FB}.Debug|Any CPU.ActiveCfg = Debug|Any CPU
		{F2089C7F-24FE-45EE-968C-4B511C17F0FB}.Debug|Any CPU.Build.0 = Debug|Any CPU
		{F2089C7F-24FE-45EE-968C-4B511C17F0FB}.Release|Any CPU.ActiveCfg = Release|Any CPU
		{F2089C7F-24FE-45EE-968C-4B511C17F0FB}.Release|Any CPU.Build.0 = Release|Any CPU
		{49B3ADBF-EA86-4A79-8317-9A25FA061C4E}.Debug|Any CPU.ActiveCfg = Debug|Any CPU
		{49B3ADBF-EA86-4A79-8317-9A25FA061C4E}.Debug|Any CPU.Build.0 = Debug|Any CPU
		{49B3ADBF-EA86-4A79-8317-9A25FA061C4E}.Release|Any CPU.ActiveCfg = Release|Any CPU
		{49B3ADBF-EA86-4A79-8317-9A25FA061C4E}.Release|Any CPU.Build.0 = Release|Any CPU
		{EEEBFC1B-E59E-40C6-9323-A6958520DEAC}.Debug|Any CPU.ActiveCfg = Debug|Any CPU
		{EEEBFC1B-E59E-40C6-9323-A6958520DEAC}.Debug|Any CPU.Build.0 = Debug|Any CPU
		{EEEBFC1B-E59E-40C6-9323-A6958520DEAC}.Release|Any CPU.ActiveCfg = Release|Any CPU
		{EEEBFC1B-E59E-40C6-9323-A6958520DEAC}.Release|Any CPU.Build.0 = Release|Any CPU
		{3CC0F17F-65F2-4C88-871B-9A65C2E23CEE}.Debug|Any CPU.ActiveCfg = Debug|Any CPU
		{3CC0F17F-65F2-4C88-871B-9A65C2E23CEE}.Debug|Any CPU.Build.0 = Debug|Any CPU
		{3CC0F17F-65F2-4C88-871B-9A65C2E23CEE}.Release|Any CPU.ActiveCfg = Release|Any CPU
		{3CC0F17F-65F2-4C88-871B-9A65C2E23CEE}.Release|Any CPU.Build.0 = Release|Any CPU
		{29A31283-B022-4C3F-B274-AF72EAC1C5B9}.Debug|Any CPU.ActiveCfg = Debug|Any CPU
		{29A31283-B022-4C3F-B274-AF72EAC1C5B9}.Debug|Any CPU.Build.0 = Debug|Any CPU
		{29A31283-B022-4C3F-B274-AF72EAC1C5B9}.Release|Any CPU.ActiveCfg = Release|Any CPU
		{29A31283-B022-4C3F-B274-AF72EAC1C5B9}.Release|Any CPU.Build.0 = Release|Any CPU
		{101EAD0A-A786-4B83-9BB0-8AEF34BA678D}.Debug|Any CPU.ActiveCfg = Debug|Any CPU
		{101EAD0A-A786-4B83-9BB0-8AEF34BA678D}.Debug|Any CPU.Build.0 = Debug|Any CPU
		{101EAD0A-A786-4B83-9BB0-8AEF34BA678D}.Release|Any CPU.ActiveCfg = Release|Any CPU
		{101EAD0A-A786-4B83-9BB0-8AEF34BA678D}.Release|Any CPU.Build.0 = Release|Any CPU
		{64369C9C-0BC9-4D8F-9C01-21F25316AE22}.Debug|Any CPU.ActiveCfg = Debug|Any CPU
		{64369C9C-0BC9-4D8F-9C01-21F25316AE22}.Debug|Any CPU.Build.0 = Debug|Any CPU
		{64369C9C-0BC9-4D8F-9C01-21F25316AE22}.Release|Any CPU.ActiveCfg = Release|Any CPU
		{64369C9C-0BC9-4D8F-9C01-21F25316AE22}.Release|Any CPU.Build.0 = Release|Any CPU
		{38075014-EDEB-4227-892A-BD107453974E}.Debug|Any CPU.ActiveCfg = Debug|Any CPU
		{38075014-EDEB-4227-892A-BD107453974E}.Debug|Any CPU.Build.0 = Debug|Any CPU
		{38075014-EDEB-4227-892A-BD107453974E}.Release|Any CPU.ActiveCfg = Release|Any CPU
		{38075014-EDEB-4227-892A-BD107453974E}.Release|Any CPU.Build.0 = Release|Any CPU
		{59BB1B10-A133-4D7E-81B2-CD76599CCF30}.Debug|Any CPU.ActiveCfg = Debug|Any CPU
		{59BB1B10-A133-4D7E-81B2-CD76599CCF30}.Debug|Any CPU.Build.0 = Debug|Any CPU
		{59BB1B10-A133-4D7E-81B2-CD76599CCF30}.Release|Any CPU.ActiveCfg = Release|Any CPU
		{59BB1B10-A133-4D7E-81B2-CD76599CCF30}.Release|Any CPU.Build.0 = Release|Any CPU
		{8517F1EB-A0C4-4AB7-8C58-E51C693B1E8C}.Debug|Any CPU.ActiveCfg = Debug|Any CPU
		{8517F1EB-A0C4-4AB7-8C58-E51C693B1E8C}.Debug|Any CPU.Build.0 = Debug|Any CPU
		{8517F1EB-A0C4-4AB7-8C58-E51C693B1E8C}.Release|Any CPU.ActiveCfg = Release|Any CPU
		{8517F1EB-A0C4-4AB7-8C58-E51C693B1E8C}.Release|Any CPU.Build.0 = Release|Any CPU
		{5157100F-31CF-4927-8FB8-88CEDA62C8B4}.Debug|Any CPU.ActiveCfg = Debug|Any CPU
		{5157100F-31CF-4927-8FB8-88CEDA62C8B4}.Debug|Any CPU.Build.0 = Debug|Any CPU
		{5157100F-31CF-4927-8FB8-88CEDA62C8B4}.Release|Any CPU.ActiveCfg = Release|Any CPU
		{5157100F-31CF-4927-8FB8-88CEDA62C8B4}.Release|Any CPU.Build.0 = Release|Any CPU
		{58D6015B-4803-4881-A2D6-3E0F73D06F1C}.Debug|Any CPU.ActiveCfg = Debug|Any CPU
		{58D6015B-4803-4881-A2D6-3E0F73D06F1C}.Debug|Any CPU.Build.0 = Debug|Any CPU
		{58D6015B-4803-4881-A2D6-3E0F73D06F1C}.Release|Any CPU.ActiveCfg = Release|Any CPU
		{58D6015B-4803-4881-A2D6-3E0F73D06F1C}.Release|Any CPU.Build.0 = Release|Any CPU
		{0E511EEB-0EDE-41EB-80A5-5432A8DB3E55}.Debug|Any CPU.ActiveCfg = Debug|Any CPU
		{0E511EEB-0EDE-41EB-80A5-5432A8DB3E55}.Debug|Any CPU.Build.0 = Debug|Any CPU
		{0E511EEB-0EDE-41EB-80A5-5432A8DB3E55}.Release|Any CPU.ActiveCfg = Release|Any CPU
		{0E511EEB-0EDE-41EB-80A5-5432A8DB3E55}.Release|Any CPU.Build.0 = Release|Any CPU
		{680A8873-AD96-4972-98B3-E5105AC7C541}.Debug|Any CPU.ActiveCfg = Debug|Any CPU
		{680A8873-AD96-4972-98B3-E5105AC7C541}.Debug|Any CPU.Build.0 = Debug|Any CPU
		{680A8873-AD96-4972-98B3-E5105AC7C541}.Release|Any CPU.ActiveCfg = Release|Any CPU
		{680A8873-AD96-4972-98B3-E5105AC7C541}.Release|Any CPU.Build.0 = Release|Any CPU
		{5049811A-D319-4337-81D1-E2C5D9FDEC38}.Debug|Any CPU.ActiveCfg = Debug|Any CPU
		{5049811A-D319-4337-81D1-E2C5D9FDEC38}.Debug|Any CPU.Build.0 = Debug|Any CPU
		{5049811A-D319-4337-81D1-E2C5D9FDEC38}.Release|Any CPU.ActiveCfg = Release|Any CPU
		{5049811A-D319-4337-81D1-E2C5D9FDEC38}.Release|Any CPU.Build.0 = Release|Any CPU
		{8E76BD98-3F7E-4B96-A1BC-DDED1F8C19D0}.Debug|Any CPU.ActiveCfg = Debug|Any CPU
		{8E76BD98-3F7E-4B96-A1BC-DDED1F8C19D0}.Debug|Any CPU.Build.0 = Debug|Any CPU
		{8E76BD98-3F7E-4B96-A1BC-DDED1F8C19D0}.Release|Any CPU.ActiveCfg = Release|Any CPU
		{8E76BD98-3F7E-4B96-A1BC-DDED1F8C19D0}.Release|Any CPU.Build.0 = Release|Any CPU
		{50778330-36CC-4841-BE83-1B3FF809A87B}.Debug|Any CPU.ActiveCfg = Debug|Any CPU
		{50778330-36CC-4841-BE83-1B3FF809A87B}.Debug|Any CPU.Build.0 = Debug|Any CPU
		{50778330-36CC-4841-BE83-1B3FF809A87B}.Release|Any CPU.ActiveCfg = Release|Any CPU
		{50778330-36CC-4841-BE83-1B3FF809A87B}.Release|Any CPU.Build.0 = Release|Any CPU
		{DBB73571-BC44-4CA9-ABE4-EF86339CB7DD}.Debug|Any CPU.ActiveCfg = Debug|Any CPU
		{DBB73571-BC44-4CA9-ABE4-EF86339CB7DD}.Debug|Any CPU.Build.0 = Debug|Any CPU
		{DBB73571-BC44-4CA9-ABE4-EF86339CB7DD}.Release|Any CPU.ActiveCfg = Release|Any CPU
		{DBB73571-BC44-4CA9-ABE4-EF86339CB7DD}.Release|Any CPU.Build.0 = Release|Any CPU
		{E04E05BF-5D52-4EAE-8AE8-781AB4E72E48}.Debug|Any CPU.ActiveCfg = Debug|Any CPU
		{E04E05BF-5D52-4EAE-8AE8-781AB4E72E48}.Debug|Any CPU.Build.0 = Debug|Any CPU
		{E04E05BF-5D52-4EAE-8AE8-781AB4E72E48}.Release|Any CPU.ActiveCfg = Release|Any CPU
		{E04E05BF-5D52-4EAE-8AE8-781AB4E72E48}.Release|Any CPU.Build.0 = Release|Any CPU
		{383FF482-1622-4E97-875B-2998F325712C}.Debug|Any CPU.ActiveCfg = Debug|Any CPU
		{383FF482-1622-4E97-875B-2998F325712C}.Debug|Any CPU.Build.0 = Debug|Any CPU
		{383FF482-1622-4E97-875B-2998F325712C}.Release|Any CPU.ActiveCfg = Release|Any CPU
		{383FF482-1622-4E97-875B-2998F325712C}.Release|Any CPU.Build.0 = Release|Any CPU
	EndGlobalSection
EndGlobal
